
Microsoft Visual Studio Solution File, Format Version 12.00
# Visual Studio Version 17
VisualStudioVersion = 17.4.33213.308
MinimumVisualStudioVersion = 10.0.40219.1
Project("{FAE04EC0-301F-11D3-BF4B-00C04F79EFBC}") = "uBuntuSouthAfrica", "uBuntuSouthAfrica\uBuntuSouthAfrica.csproj", "{D19270D7-461E-4885-B5B6-1E07BD5E4EA0}"
EndProject
Global
	GlobalSection(SolutionConfigurationPlatforms) = preSolution
		Debug|Any CPU = Debug|Any CPU
		Release|Any CPU = Release|Any CPU
	EndGlobalSection
	GlobalSection(ProjectConfigurationPlatforms) = postSolution
		{D19270D7-461E-4885-B5B6-1E07BD5E4EA0}.Debug|Any CPU.ActiveCfg = Debug|Any CPU
		{D19270D7-461E-4885-B5B6-1E07BD5E4EA0}.Debug|Any CPU.Build.0 = Debug|Any CPU
		{D19270D7-461E-4885-B5B6-1E07BD5E4EA0}.Release|Any CPU.ActiveCfg = Release|Any CPU
		{D19270D7-461E-4885-B5B6-1E07BD5E4EA0}.Release|Any CPU.Build.0 = Release|Any CPU
	EndGlobalSection
	GlobalSection(SolutionProperties) = preSolution
		HideSolutionNode = FALSE
	EndGlobalSection
	GlobalSection(ExtensibilityGlobals) = postSolution
		SolutionGuid = {AC2A853E-E095-4F5D-920D-41D31442DA0C}
	EndGlobalSection
EndGlobal
